
Microsoft Visual Studio Solution File, Format Version 12.00
# Visual Studio Version 16
VisualStudioVersion = 16.0.30804.86
MinimumVisualStudioVersion = 10.0.40219.1
Project("{FAE04EC0-301F-11D3-BF4B-00C04F79EFBC}") = "WcfOrderService", "WcfOrderService\WcfOrderService.csproj", "{0449AEEA-AD2C-482A-B865-60C38A5A1C1F}"
EndProject
Project("{FAE04EC0-301F-11D3-BF4B-00C04F79EFBC}") = "OrderServiceHost", "OrderServiceHost\OrderServiceHost.csproj", "{976B9EDE-38E0-42CD-B568-299976FB9B17}"
EndProject
Global
	GlobalSection(SolutionConfigurationPlatforms) = preSolution
		Debug|Any CPU = Debug|Any CPU
		Release|Any CPU = Release|Any CPU
	EndGlobalSection
	GlobalSection(ProjectConfigurationPlatforms) = postSolution
		{0449AEEA-AD2C-482A-B865-60C38A5A1C1F}.Debug|Any CPU.ActiveCfg = Debug|Any CPU
		{0449AEEA-AD2C-482A-B865-60C38A5A1C1F}.Debug|Any CPU.Build.0 = Debug|Any CPU
		{0449AEEA-AD2C-482A-B865-60C38A5A1C1F}.Release|Any CPU.ActiveCfg = Release|Any CPU
		{0449AEEA-AD2C-482A-B865-60C38A5A1C1F}.Release|Any CPU.Build.0 = Release|Any CPU
		{976B9EDE-38E0-42CD-B568-299976FB9B17}.Debug|Any CPU.ActiveCfg = Debug|Any CPU
		{976B9EDE-38E0-42CD-B568-299976FB9B17}.Debug|Any CPU.Build.0 = Debug|Any CPU
		{976B9EDE-38E0-42CD-B568-299976FB9B17}.Release|Any CPU.ActiveCfg = Release|Any CPU
		{976B9EDE-38E0-42CD-B568-299976FB9B17}.Release|Any CPU.Build.0 = Release|Any CPU
	EndGlobalSection
	GlobalSection(SolutionProperties) = preSolution
		HideSolutionNode = FALSE
	EndGlobalSection
	GlobalSection(ExtensibilityGlobals) = postSolution
		SolutionGuid = {45F27E0C-0FC2-4B6E-8004-D2B9751D7934}
	EndGlobalSection
EndGlobal
